
Microsoft Visual Studio Solution File, Format Version 12.00
# Visual Studio 14
VisualStudioVersion = 14.0.25123.0
MinimumVisualStudioVersion = 10.0.40219.1
Project("{FAE04EC0-301F-11D3-BF4B-00C04F79EFBC}") = "PCG-Cellular-Automata-Cave", "PCG-Cellular-Automata-Cave\PCG-Cellular-Automata-Cave.csproj", "{DCF20757-0652-4102-B624-3A8125DAD34B}"
EndProject
Global
	GlobalSection(SolutionConfigurationPlatforms) = preSolution
		Debug|Any CPU = Debug|Any CPU
		Release|Any CPU = Release|Any CPU
	EndGlobalSection
	GlobalSection(ProjectConfigurationPlatforms) = postSolution
		{DCF20757-0652-4102-B624-3A8125DAD34B}.Debug|Any CPU.ActiveCfg = Debug|Any CPU
		{DCF20757-0652-4102-B624-3A8125DAD34B}.Debug|Any CPU.Build.0 = Debug|Any CPU
		{DCF20757-0652-4102-B624-3A8125DAD34B}.Release|Any CPU.ActiveCfg = Release|Any CPU
		{DCF20757-0652-4102-B624-3A8125DAD34B}.Release|Any CPU.Build.0 = Release|Any CPU
	EndGlobalSection
	GlobalSection(SolutionProperties) = preSolution
		HideSolutionNode = FALSE
	EndGlobalSection
EndGlobal
